// !$*UTF8*$!
{
	archiveVersion = 1;
	classes = {
	};
	objectVersion = 46;
	objects = {

/* Begin PBXBuildFile section */
		D888C8D3E097086F228584B1 /* libPods-flowTest.a in Frameworks */ = {isa = PBXBuildFile; fileRef = AD605D8642C99FE2DDE47F4A /* libPods-flowTest.a */; };
		F470BA0F1F6125D500E6891E /* main.m in Sources */ = {isa = PBXBuildFile; fileRef = F470BA0E1F6125D500E6891E /* main.m */; };
		F470BA121F6125D500E6891E /* AppDelegate.m in Sources */ = {isa = PBXBuildFile; fileRef = F470BA111F6125D500E6891E /* AppDelegate.m */; };
		F470BA181F6125D500E6891E /* Main.storyboard in Resources */ = {isa = PBXBuildFile; fileRef = F470BA161F6125D500E6891E /* Main.storyboard */; };
		F470BA1A1F6125D500E6891E /* Assets.xcassets in Resources */ = {isa = PBXBuildFile; fileRef = F470BA191F6125D500E6891E /* Assets.xcassets */; };
		F470BA1D1F6125D500E6891E /* LaunchScreen.storyboard in Resources */ = {isa = PBXBuildFile; fileRef = F470BA1B1F6125D500E6891E /* LaunchScreen.storyboard */; };
		F470BA261F6136CB00E6891E /* PinkViewController.m in Sources */ = {isa = PBXBuildFile; fileRef = F470BA251F6136CB00E6891E /* PinkViewController.m */; };
		F470BA291F61370300E6891E /* PurpleViewController.m in Sources */ = {isa = PBXBuildFile; fileRef = F470BA281F61370300E6891E /* PurpleViewController.m */; };
		F470BA2C1F61371A00E6891E /* GreenViewController.m in Sources */ = {isa = PBXBuildFile; fileRef = F470BA2B1F61371A00E6891E /* GreenViewController.m */; };
/* End PBXBuildFile section */

/* Begin PBXFileReference section */
		10034B62E3C6152D14359768 /* Pods-flowTest.release.xcconfig */ = {isa = PBXFileReference; includeInIndex = 1; lastKnownFileType = text.xcconfig; name = "Pods-flowTest.release.xcconfig"; path = "Pods/Target Support Files/Pods-flowTest/Pods-flowTest.release.xcconfig"; sourceTree = "<group>"; };
		7498B2D541943FA90D3FACFC /* Pods-flowTest.debug.xcconfig */ = {isa = PBXFileReference; includeInIndex = 1; lastKnownFileType = text.xcconfig; name = "Pods-flowTest.debug.xcconfig"; path = "Pods/Target Support Files/Pods-flowTest/Pods-flowTest.debug.xcconfig"; sourceTree = "<group>"; };
		AD605D8642C99FE2DDE47F4A /* libPods-flowTest.a */ = {isa = PBXFileReference; explicitFileType = archive.ar; includeInIndex = 0; path = "libPods-flowTest.a"; sourceTree = BUILT_PRODUCTS_DIR; };
		F470BA0A1F6125D500E6891E /* flowTest.app */ = {isa = PBXFileReference; explicitFileType = wrapper.application; includeInIndex = 0; path = flowTest.app; sourceTree = BUILT_PRODUCTS_DIR; };
		F470BA0E1F6125D500E6891E /* main.m */ = {isa = PBXFileReference; lastKnownFileType = sourcecode.c.objc; path = main.m; sourceTree = "<group>"; };
		F470BA101F6125D500E6891E /* AppDelegate.h */ = {isa = PBXFileReference; lastKnownFileType = sourcecode.c.h; path = AppDelegate.h; sourceTree = "<group>"; };
		F470BA111F6125D500E6891E /* AppDelegate.m */ = {isa = PBXFileReference; lastKnownFileType = sourcecode.c.objc; path = AppDelegate.m; sourceTree = "<group>"; };
		F470BA171F6125D500E6891E /* Base */ = {isa = PBXFileReference; lastKnownFileType = file.storyboard; name = Base; path = Base.lproj/Main.storyboard; sourceTree = "<group>"; };
		F470BA191F6125D500E6891E /* Assets.xcassets */ = {isa = PBXFileReference; lastKnownFileType = folder.assetcatalog; path = Assets.xcassets; sourceTree = "<group>"; };
		F470BA1C1F6125D500E6891E /* Base */ = {isa = PBXFileReference; lastKnownFileType = file.storyboard; name = Base; path = Base.lproj/LaunchScreen.storyboard; sourceTree = "<group>"; };
		F470BA1E1F6125D500E6891E /* Info.plist */ = {isa = PBXFileReference; lastKnownFileType = text.plist.xml; path = Info.plist; sourceTree = "<group>"; };
		F470BA241F6136CB00E6891E /* PinkViewController.h */ = {isa = PBXFileReference; fileEncoding = 4; lastKnownFileType = sourcecode.c.h; name = PinkViewController.h; path = ../PinkViewController.h; sourceTree = "<group>"; };
		F470BA251F6136CB00E6891E /* PinkViewController.m */ = {isa = PBXFileReference; fileEncoding = 4; lastKnownFileType = sourcecode.c.objc; name = PinkViewController.m; path = ../PinkViewController.m; sourceTree = "<group>"; };
		F470BA271F61370300E6891E /* PurpleViewController.h */ = {isa = PBXFileReference; fileEncoding = 4; lastKnownFileType = sourcecode.c.h; path = PurpleViewController.h; sourceTree = "<group>"; };
		F470BA281F61370300E6891E /* PurpleViewController.m */ = {isa = PBXFileReference; fileEncoding = 4; lastKnownFileType = sourcecode.c.objc; path = PurpleViewController.m; sourceTree = "<group>"; };
		F470BA2A1F61371A00E6891E /* GreenViewController.h */ = {isa = PBXFileReference; fileEncoding = 4; lastKnownFileType = sourcecode.c.h; path = GreenViewController.h; sourceTree = "<group>"; };
		F470BA2B1F61371A00E6891E /* GreenViewController.m */ = {isa = PBXFileReference; fileEncoding = 4; lastKnownFileType = sourcecode.c.objc; path = GreenViewController.m; sourceTree = "<group>"; };
/* End PBXFileReference section */

/* Begin PBXFrameworksBuildPhase section */
		F470BA071F6125D500E6891E /* Frameworks */ = {
			isa = PBXFrameworksBuildPhase;
			buildActionMask = 2147483647;
			files = (
				D888C8D3E097086F228584B1 /* libPods-flowTest.a in Frameworks */,
			);
			runOnlyForDeploymentPostprocessing = 0;
		};
/* End PBXFrameworksBuildPhase section */

/* Begin PBXGroup section */
		360F65F8CFEFEEB59162663A /* Frameworks */ = {
			isa = PBXGroup;
			children = (
				AD605D8642C99FE2DDE47F4A /* libPods-flowTest.a */,
			);
			name = Frameworks;
			sourceTree = "<group>";
		};
		A2736E21778A9C77873C8E1B /* Pods */ = {
			isa = PBXGroup;
			children = (
				7498B2D541943FA90D3FACFC /* Pods-flowTest.debug.xcconfig */,
				10034B62E3C6152D14359768 /* Pods-flowTest.release.xcconfig */,
			);
			name = Pods;
			sourceTree = "<group>";
		};
		F470BA011F6125D500E6891E = {
			isa = PBXGroup;
			children = (
				F470BA0C1F6125D500E6891E /* flowTest */,
				F470BA0B1F6125D500E6891E /* Products */,
				A2736E21778A9C77873C8E1B /* Pods */,
				360F65F8CFEFEEB59162663A /* Frameworks */,
			);
			sourceTree = "<group>";
		};
		F470BA0B1F6125D500E6891E /* Products */ = {
			isa = PBXGroup;
			children = (
				F470BA0A1F6125D500E6891E /* flowTest.app */,
			);
			name = Products;
			sourceTree = "<group>";
		};
		F470BA0C1F6125D500E6891E /* flowTest */ = {
			isa = PBXGroup;
			children = (
				F470BA101F6125D500E6891E /* AppDelegate.h */,
				F470BA111F6125D500E6891E /* AppDelegate.m */,
				F470BA241F6136CB00E6891E /* PinkViewController.h */,
				F470BA271F61370300E6891E /* PurpleViewController.h */,
				F470BA281F61370300E6891E /* PurpleViewController.m */,
				F470BA2A1F61371A00E6891E /* GreenViewController.h */,
				F470BA2B1F61371A00E6891E /* GreenViewController.m */,
				F470BA251F6136CB00E6891E /* PinkViewController.m */,
				F470BA161F6125D500E6891E /* Main.storyboard */,
				F470BA191F6125D500E6891E /* Assets.xcassets */,
				F470BA1B1F6125D500E6891E /* LaunchScreen.storyboard */,
				F470BA1E1F6125D500E6891E /* Info.plist */,
				F470BA0D1F6125D500E6891E /* Supporting Files */,
			);
			path = flowTest;
			sourceTree = "<group>";
		};
		F470BA0D1F6125D500E6891E /* Supporting Files */ = {
			isa = PBXGroup;
			children = (
				F470BA0E1F6125D500E6891E /* main.m */,
			);
			name = "Supporting Files";
			sourceTree = "<group>";
		};
/* End PBXGroup section */

/* Begin PBXNativeTarget section */
		F470BA091F6125D500E6891E /* flowTest */ = {
			isa = PBXNativeTarget;
			buildConfigurationList = F470BA211F6125D500E6891E /* Build configuration list for PBXNativeTarget "flowTest" */;
			buildPhases = (
				992521E863648FC635AAC8BB /* [CP] Check Pods Manifest.lock */,
				F470BA061F6125D500E6891E /* Sources */,
				F470BA071F6125D500E6891E /* Frameworks */,
				F470BA081F6125D500E6891E /* Resources */,
				979F40D36556A0D9037225C6 /* [CP] Embed Pods Frameworks */,
				1784DB166DFFC82142C235DE /* [CP] Copy Pods Resources */,
			);
			buildRules = (
			);
			dependencies = (
			);
			name = flowTest;
			productName = flowTest;
			productReference = F470BA0A1F6125D500E6891E /* flowTest.app */;
			productType = "com.apple.product-type.application";
		};
/* End PBXNativeTarget section */

/* Begin PBXProject section */
		F470BA021F6125D500E6891E /* Project object */ = {
			isa = PBXProject;
			attributes = {
				LastUpgradeCheck = 0830;
				ORGANIZATIONNAME = WorkStation;
				TargetAttributes = {
					F470BA091F6125D500E6891E = {
						CreatedOnToolsVersion = 8.3.3;
						ProvisioningStyle = Automatic;
					};
				};
			};
			buildConfigurationList = F470BA051F6125D500E6891E /* Build configuration list for PBXProject "flowTest" */;
			compatibilityVersion = "Xcode 3.2";
			developmentRegion = English;
			hasScannedForEncodings = 0;
			knownRegions = (
				en,
				Base,
			);
			mainGroup = F470BA011F6125D500E6891E;
			productRefGroup = F470BA0B1F6125D500E6891E /* Products */;
			projectDirPath = "";
			projectRoot = "";
			targets = (
				F470BA091F6125D500E6891E /* flowTest */,
			);
		};
/* End PBXProject section */

/* Begin PBXResourcesBuildPhase section */
		F470BA081F6125D500E6891E /* Resources */ = {
			isa = PBXResourcesBuildPhase;
			buildActionMask = 2147483647;
			files = (
				F470BA1D1F6125D500E6891E /* LaunchScreen.storyboard in Resources */,
				F470BA1A1F6125D500E6891E /* Assets.xcassets in Resources */,
				F470BA181F6125D500E6891E /* Main.storyboard in Resources */,
			);
			runOnlyForDeploymentPostprocessing = 0;
		};
/* End PBXResourcesBuildPhase section */

/* Begin PBXShellScriptBuildPhase section */
		1784DB166DFFC82142C235DE /* [CP] Copy Pods Resources */ = {
			isa = PBXShellScriptBuildPhase;
			buildActionMask = 2147483647;
			files = (
			);
			inputPaths = (
			);
			name = "[CP] Copy Pods Resources";
			outputPaths = (
			);
			runOnlyForDeploymentPostprocessing = 0;
			shellPath = /bin/sh;
			shellScript = "\"${SRCROOT}/Pods/Target Support Files/Pods-flowTest/Pods-flowTest-resources.sh\"\n";
			showEnvVarsInLog = 0;
		};
		979F40D36556A0D9037225C6 /* [CP] Embed Pods Frameworks */ = {
			isa = PBXShellScriptBuildPhase;
			buildActionMask = 2147483647;
			files = (
			);
			inputPaths = (
			);
			name = "[CP] Embed Pods Frameworks";
			outputPaths = (
			);
			runOnlyForDeploymentPostprocessing = 0;
			shellPath = /bin/sh;
			shellScript = "\"${SRCROOT}/Pods/Target Support Files/Pods-flowTest/Pods-flowTest-frameworks.sh\"\n";
			showEnvVarsInLog = 0;
		};
		992521E863648FC635AAC8BB /* [CP] Check Pods Manifest.lock */ = {
			isa = PBXShellScriptBuildPhase;
			buildActionMask = 2147483647;
			files = (
			);
			inputPaths = (
				"${PODS_PODFILE_DIR_PATH}/Podfile.lock",
				"${PODS_ROOT}/Manifest.lock",
			);
			name = "[CP] Check Pods Manifest.lock";
			outputPaths = (
				"$(DERIVED_FILE_DIR)/Pods-flowTest-checkManifestLockResult.txt",
			);
			runOnlyForDeploymentPostprocessing = 0;
			shellPath = /bin/sh;
			shellScript = "diff \"${PODS_PODFILE_DIR_PATH}/Podfile.lock\" \"${PODS_ROOT}/Manifest.lock\" > /dev/null\nif [ $? != 0 ] ; then\n    # print error to STDERR\n    echo \"error: The sandbox is not in sync with the Podfile.lock. Run 'pod install' or update your CocoaPods installation.\" >&2\n    exit 1\nfi\n# This output is used by Xcode 'outputs' to avoid re-running this script phase.\necho \"SUCCESS\" > \"${SCRIPT_OUTPUT_FILE_0}\"\n";
			showEnvVarsInLog = 0;
		};
/* End PBXShellScriptBuildPhase section */

/* Begin PBXSourcesBuildPhase section */
		F470BA061F6125D500E6891E /* Sources */ = {
			isa = PBXSourcesBuildPhase;
			buildActionMask = 2147483647;
			files = (
				F470BA291F61370300E6891E /* PurpleViewController.m in Sources */,
				F470BA261F6136CB00E6891E /* PinkViewController.m in Sources */,
				F470BA2C1F61371A00E6891E /* GreenViewController.m in Sources */,
				F470BA121F6125D500E6891E /* AppDelegate.m in Sources */,
				F470BA0F1F6125D500E6891E /* main.m in Sources */,
			);
			runOnlyForDeploymentPostprocessing = 0;
		};
/* End PBXSourcesBuildPhase section */

/* Begin PBXVariantGroup section */
		F470BA161F6125D500E6891E /* Main.storyboard */ = {
			isa = PBXVariantGroup;
			children = (
				F470BA171F6125D500E6891E /* Base */,
			);
			name = Main.storyboard;
			sourceTree = "<group>";
		};
		F470BA1B1F6125D500E6891E /* LaunchScreen.storyboard */ = {
			isa = PBXVariantGroup;
			children = (
				F470BA1C1F6125D500E6891E /* Base */,
			);
			name = LaunchScreen.storyboard;
			sourceTree = "<group>";
		};
/* End PBXVariantGroup section */

/* Begin XCBuildConfiguration section */
		F470BA1F1F6125D500E6891E /* Debug */ = {
			isa = XCBuildConfiguration;
			buildSettings = {
				ALWAYS_SEARCH_USER_PATHS = NO;
				CLANG_ANALYZER_NONNULL = YES;
				CLANG_ANALYZER_NUMBER_OBJECT_CONVERSION = YES_AGGRESSIVE;
				CLANG_CXX_LANGUAGE_STANDARD = "gnu++0x";
				CLANG_CXX_LIBRARY = "libc++";
				CLANG_ENABLE_MODULES = YES;
				CLANG_ENABLE_OBJC_ARC = YES;
				CLANG_WARN_BOOL_CONVERSION = YES;
				CLANG_WARN_CONSTANT_CONVERSION = YES;
				CLANG_WARN_DIRECT_OBJC_ISA_USAGE = YES_ERROR;
				CLANG_WARN_DOCUMENTATION_COMMENTS = YES;
				CLANG_WARN_EMPTY_BODY = YES;
				CLANG_WARN_ENUM_CONVERSION = YES;
				CLANG_WARN_INFINITE_RECURSION = YES;
				CLANG_WARN_INT_CONVERSION = YES;
				CLANG_WARN_OBJC_ROOT_CLASS = YES_ERROR;
				CLANG_WARN_SUSPICIOUS_MOVE = YES;
				CLANG_WARN_UNREACHABLE_CODE = YES;
				CLANG_WARN__DUPLICATE_METHOD_MATCH = YES;
				"CODE_SIGN_IDENTITY[sdk=iphoneos*]" = "iPhone Developer";
				COPY_PHASE_STRIP = NO;
				DEBUG_INFORMATION_FORMAT = dwarf;
				ENABLE_STRICT_OBJC_MSGSEND = YES;
				ENABLE_TESTABILITY = YES;
				GCC_C_LANGUAGE_STANDARD = gnu99;
				GCC_DYNAMIC_NO_PIC = NO;
				GCC_NO_COMMON_BLOCKS = YES;
				GCC_OPTIMIZATION_LEVEL = 0;
				GCC_PREPROCESSOR_DEFINITIONS = (
					"DEBUG=1",
					"$(inherited)",
				);
				GCC_WARN_64_TO_32_BIT_CONVERSION = YES;
				GCC_WARN_ABOUT_RETURN_TYPE = YES_ERROR;
				GCC_WARN_UNDECLARED_SELECTOR = YES;
				GCC_WARN_UNINITIALIZED_AUTOS = YES_AGGRESSIVE;
				GCC_WARN_UNUSED_FUNCTION = YES;
				GCC_WARN_UNUSED_VARIABLE = YES;
				IPHONEOS_DEPLOYMENT_TARGET = 10.3;
				MTL_ENABLE_DEBUG_INFO = YES;
				ONLY_ACTIVE_ARCH = YES;
				SDKROOT = iphoneos;
			};
			name = Debug;
		};
		F470BA201F6125D500E6891E /* Release */ = {
			isa = XCBuildConfiguration;
			buildSettings = {
				ALWAYS_SEARCH_USER_PATHS = NO;
				CLANG_ANALYZER_NONNULL = YES;
				CLANG_ANALYZER_NUMBER_OBJECT_CONVERSION = YES_AGGRESSIVE;
				CLANG_CXX_LANGUAGE_STANDARD = "gnu++0x";
				CLANG_CXX_LIBRARY = "libc++";
				CLANG_ENABLE_MODULES = YES;
				CLANG_ENABLE_OBJC_ARC = YES;
				CLANG_WARN_BOOL_CONVERSION = YES;
				CLANG_WARN_CONSTANT_CONVERSION = YES;
				CLANG_WARN_DIRECT_OBJC_ISA_USAGE = YES_ERROR;
				CLANG_WARN_DOCUMENTATION_COMMENTS = YES;
				CLANG_WARN_EMPTY_BODY = YES;
				CLANG_WARN_ENUM_CONVERSION = YES;
				CLANG_WARN_INFINITE_RECURSION = YES;
				CLANG_WARN_INT_CONVERSION = YES;
				CLANG_WARN_OBJC_ROOT_CLASS = YES_ERROR;
				CLANG_WARN_SUSPICIOUS_MOVE = YES;
				CLANG_WARN_UNREACHABLE_CODE = YES;
				CLANG_WARN__DUPLICATE_METHOD_MATCH = YES;
				"CODE_SIGN_IDENTITY[sdk=iphoneos*]" = "iPhone Developer";
				COPY_PHASE_STRIP = NO;
				DEBUG_INFORMATION_FORMAT = "dwarf-with-dsym";
				ENABLE_NS_ASSERTIONS = NO;
				ENABLE_STRICT_OBJC_MSGSEND = YES;
				GCC_C_LANGUAGE_STANDARD = gnu99;
				GCC_NO_COMMON_BLOCKS = YES;
				GCC_WARN_64_TO_32_BIT_CONVERSION = YES;
				GCC_WARN_ABOUT_RETURN_TYPE = YES_ERROR;
				GCC_WARN_UNDECLARED_SELECTOR = YES;
				GCC_WARN_UNINITIALIZED_AUTOS = YES_AGGRESSIVE;
				GCC_WARN_UNUSED_FUNCTION = YES;
				GCC_WARN_UNUSED_VARIABLE = YES;
				IPHONEOS_DEPLOYMENT_TARGET = 10.3;
				MTL_ENABLE_DEBUG_INFO = NO;
				SDKROOT = iphoneos;
				VALIDATE_PRODUCT = YES;
			};
			name = Release;
		};
		F470BA221F6125D500E6891E /* Debug */ = {
			isa = XCBuildConfiguration;
			baseConfigurationReference = 7498B2D541943FA90D3FACFC /* Pods-flowTest.debug.xcconfig */;
			buildSettings = {
				ASSETCATALOG_COMPILER_APPICON_NAME = AppIcon;
				INFOPLIST_FILE = flowTest/Info.plist;
				LD_RUNPATH_SEARCH_PATHS = "$(inherited) @executable_path/Frameworks";
				PRODUCT_BUNDLE_IDENTIFIER = Aks.flowTest;
				PRODUCT_NAME = "$(TARGET_NAME)";
			};
			name = Debug;
		};
		F470BA231F6125D500E6891E /* Release */ = {
			isa = XCBuildConfiguration;
			baseConfigurationReference = 10034B62E3C6152D14359768 /* Pods-flowTest.release.xcconfig */;
			buildSettings = {
				ASSETCATALOG_COMPILER_APPICON_NAME = AppIcon;
				INFOPLIST_FILE = flowTest/Info.plist;
				LD_RUNPATH_SEARCH_PATHS = "$(inherited) @executable_path/Frameworks";
				PRODUCT_BUNDLE_IDENTIFIER = Aks.flowTest;
				PRODUCT_NAME = "$(TARGET_NAME)";
			};
			name = Release;
		};
/* End XCBuildConfiguration section */

/* Begin XCConfigurationList section */
		F470BA051F6125D500E6891E /* Build configuration list for PBXProject "flowTest" */ = {
			isa = XCConfigurationList;
			buildConfigurations = (
				F470BA1F1F6125D500E6891E /* Debug */,
				F470BA201F6125D500E6891E /* Release */,
			);
			defaultConfigurationIsVisible = 0;
			defaultConfigurationName = Release;
		};
		F470BA211F6125D500E6891E /* Build configuration list for PBXNativeTarget "flowTest" */ = {
			isa = XCConfigurationList;
			buildConfigurations = (
				F470BA221F6125D500E6891E /* Debug */,
				F470BA231F6125D500E6891E /* Release */,
			);
			defaultConfigurationIsVisible = 0;
			defaultConfigurationName = Release;
		};
/* End XCConfigurationList section */
	};
	rootObject = F470BA021F6125D500E6891E /* Project object */;
}
